
Microsoft Visual Studio Solution File, Format Version 12.00
# Visual Studio Version 17
VisualStudioVersion = 17.7.34031.279
MinimumVisualStudioVersion = 10.0.40219.1
Project("{FAE04EC0-301F-11D3-BF4B-00C04F79EFBC}") = "Ejercicio1DateTime", "Ejercicio1DateTime.csproj", "{A6CE125B-CAAE-4367-8713-A5B6E3A7BBAB}"
EndProject
Global
	GlobalSection(SolutionConfigurationPlatforms) = preSolution
		Debug|Any CPU = Debug|Any CPU
		Release|Any CPU = Release|Any CPU
	EndGlobalSection
	GlobalSection(ProjectConfigurationPlatforms) = postSolution
		{A6CE125B-CAAE-4367-8713-A5B6E3A7BBAB}.Debug|Any CPU.ActiveCfg = Debug|Any CPU
		{A6CE125B-CAAE-4367-8713-A5B6E3A7BBAB}.Debug|Any CPU.Build.0 = Debug|Any CPU
		{A6CE125B-CAAE-4367-8713-A5B6E3A7BBAB}.Release|Any CPU.ActiveCfg = Release|Any CPU
		{A6CE125B-CAAE-4367-8713-A5B6E3A7BBAB}.Release|Any CPU.Build.0 = Release|Any CPU
	EndGlobalSection
	GlobalSection(SolutionProperties) = preSolution
		HideSolutionNode = FALSE
	EndGlobalSection
	GlobalSection(ExtensibilityGlobals) = postSolution
		SolutionGuid = {6E2A26BB-FCC3-48B8-9FF3-B4C3F1A1EF66}
	EndGlobalSection
EndGlobal
